
Microsoft Visual Studio Solution File, Format Version 12.00
# Visual Studio Version 17
VisualStudioVersion = 17.4.33213.308
MinimumVisualStudioVersion = 10.0.40219.1
Project("{6EC3EE1D-3C4E-46DD-8F32-0CC8E7565705}") = "Scratch", "FunctionalProgrammingWithFSharp\Scratch.fsproj", "{A45E3B53-8A4F-4622-BAC7-7ED481268ED0}"
EndProject
Project("{6EC3EE1D-3C4E-46DD-8F32-0CC8E7565705}") = "Ch1P1", "Ch1P1\Ch1P1.fsproj", "{DA118775-65E2-42A7-B629-18B685557153}"
EndProject
Project("{6EC3EE1D-3C4E-46DD-8F32-0CC8E7565705}") = "Ch1P2", "Ch1P2\Ch1P2.fsproj", "{2283FAAA-49A0-4664-ACCB-969E5EDC27C0}"
EndProject
Project("{6EC3EE1D-3C4E-46DD-8F32-0CC8E7565705}") = "Ch1P4", "Ch1P3\Ch1P4.fsproj", "{48542402-ADA0-4BCA-B830-8F7BA817CD7F}"
EndProject
Project("{6EC3EE1D-3C4E-46DD-8F32-0CC8E7565705}") = "Ch1P5", "Ch1P5\Ch1P5.fsproj", "{F3271073-348B-4215-B8A1-B1F28B67B764}"
EndProject
Project("{6EC3EE1D-3C4E-46DD-8F32-0CC8E7565705}") = "Ch1P6", "Ch1P6\Ch1P6.fsproj", "{405A7799-19AB-4B0D-A12C-1AE3B99AF627}"
EndProject
Project("{F2A71F9B-5D33-465A-A702-920D77279786}") = "Ch2P1", "Ch2P1\Ch2P1.fsproj", "{0A1FF931-84EA-41F6-839D-4DE9004B3F8A}"
EndProject
Project("{F2A71F9B-5D33-465A-A702-920D77279786}") = "Ch2P2", "Ch2P2\Ch2P2.fsproj", "{89F73FDD-1E10-4B35-8525-E423C3E1EFA9}"
EndProject
Project("{F2A71F9B-5D33-465A-A702-920D77279786}") = "Ch2P3", "Ch2P3\Ch2P3.fsproj", "{62E1E62C-47BA-471C-9362-09A3E995C548}"
EndProject
Project("{F2A71F9B-5D33-465A-A702-920D77279786}") = "Ch2P4", "Ch2P4\Ch2P4.fsproj", "{1862CDE5-540B-4780-B0B8-3CC05217BAED}"
EndProject
Global
	GlobalSection(SolutionConfigurationPlatforms) = preSolution
		Debug|Any CPU = Debug|Any CPU
		Release|Any CPU = Release|Any CPU
	EndGlobalSection
	GlobalSection(ProjectConfigurationPlatforms) = postSolution
		{A45E3B53-8A4F-4622-BAC7-7ED481268ED0}.Debug|Any CPU.ActiveCfg = Debug|Any CPU
		{A45E3B53-8A4F-4622-BAC7-7ED481268ED0}.Debug|Any CPU.Build.0 = Debug|Any CPU
		{A45E3B53-8A4F-4622-BAC7-7ED481268ED0}.Release|Any CPU.ActiveCfg = Release|Any CPU
		{A45E3B53-8A4F-4622-BAC7-7ED481268ED0}.Release|Any CPU.Build.0 = Release|Any CPU
		{DA118775-65E2-42A7-B629-18B685557153}.Debug|Any CPU.ActiveCfg = Debug|Any CPU
		{DA118775-65E2-42A7-B629-18B685557153}.Debug|Any CPU.Build.0 = Debug|Any CPU
		{DA118775-65E2-42A7-B629-18B685557153}.Release|Any CPU.ActiveCfg = Release|Any CPU
		{DA118775-65E2-42A7-B629-18B685557153}.Release|Any CPU.Build.0 = Release|Any CPU
		{2283FAAA-49A0-4664-ACCB-969E5EDC27C0}.Debug|Any CPU.ActiveCfg = Debug|Any CPU
		{2283FAAA-49A0-4664-ACCB-969E5EDC27C0}.Debug|Any CPU.Build.0 = Debug|Any CPU
		{2283FAAA-49A0-4664-ACCB-969E5EDC27C0}.Release|Any CPU.ActiveCfg = Release|Any CPU
		{2283FAAA-49A0-4664-ACCB-969E5EDC27C0}.Release|Any CPU.Build.0 = Release|Any CPU
		{48542402-ADA0-4BCA-B830-8F7BA817CD7F}.Debug|Any CPU.ActiveCfg = Debug|Any CPU
		{48542402-ADA0-4BCA-B830-8F7BA817CD7F}.Debug|Any CPU.Build.0 = Debug|Any CPU
		{48542402-ADA0-4BCA-B830-8F7BA817CD7F}.Release|Any CPU.ActiveCfg = Release|Any CPU
		{48542402-ADA0-4BCA-B830-8F7BA817CD7F}.Release|Any CPU.Build.0 = Release|Any CPU
		{F3271073-348B-4215-B8A1-B1F28B67B764}.Debug|Any CPU.ActiveCfg = Debug|Any CPU
		{F3271073-348B-4215-B8A1-B1F28B67B764}.Debug|Any CPU.Build.0 = Debug|Any CPU
		{F3271073-348B-4215-B8A1-B1F28B67B764}.Release|Any CPU.ActiveCfg = Release|Any CPU
		{F3271073-348B-4215-B8A1-B1F28B67B764}.Release|Any CPU.Build.0 = Release|Any CPU
		{405A7799-19AB-4B0D-A12C-1AE3B99AF627}.Debug|Any CPU.ActiveCfg = Debug|Any CPU
		{405A7799-19AB-4B0D-A12C-1AE3B99AF627}.Debug|Any CPU.Build.0 = Debug|Any CPU
		{405A7799-19AB-4B0D-A12C-1AE3B99AF627}.Release|Any CPU.ActiveCfg = Release|Any CPU
		{405A7799-19AB-4B0D-A12C-1AE3B99AF627}.Release|Any CPU.Build.0 = Release|Any CPU
		{0A1FF931-84EA-41F6-839D-4DE9004B3F8A}.Debug|Any CPU.ActiveCfg = Debug|Any CPU
		{0A1FF931-84EA-41F6-839D-4DE9004B3F8A}.Debug|Any CPU.Build.0 = Debug|Any CPU
		{0A1FF931-84EA-41F6-839D-4DE9004B3F8A}.Release|Any CPU.ActiveCfg = Release|Any CPU
		{0A1FF931-84EA-41F6-839D-4DE9004B3F8A}.Release|Any CPU.Build.0 = Release|Any CPU
		{89F73FDD-1E10-4B35-8525-E423C3E1EFA9}.Debug|Any CPU.ActiveCfg = Debug|Any CPU
		{89F73FDD-1E10-4B35-8525-E423C3E1EFA9}.Debug|Any CPU.Build.0 = Debug|Any CPU
		{89F73FDD-1E10-4B35-8525-E423C3E1EFA9}.Release|Any CPU.ActiveCfg = Release|Any CPU
		{89F73FDD-1E10-4B35-8525-E423C3E1EFA9}.Release|Any CPU.Build.0 = Release|Any CPU
		{62E1E62C-47BA-471C-9362-09A3E995C548}.Debug|Any CPU.ActiveCfg = Debug|Any CPU
		{62E1E62C-47BA-471C-9362-09A3E995C548}.Debug|Any CPU.Build.0 = Debug|Any CPU
		{62E1E62C-47BA-471C-9362-09A3E995C548}.Release|Any CPU.ActiveCfg = Release|Any CPU
		{62E1E62C-47BA-471C-9362-09A3E995C548}.Release|Any CPU.Build.0 = Release|Any CPU
		{1862CDE5-540B-4780-B0B8-3CC05217BAED}.Debug|Any CPU.ActiveCfg = Debug|Any CPU
		{1862CDE5-540B-4780-B0B8-3CC05217BAED}.Debug|Any CPU.Build.0 = Debug|Any CPU
		{1862CDE5-540B-4780-B0B8-3CC05217BAED}.Release|Any CPU.ActiveCfg = Release|Any CPU
		{1862CDE5-540B-4780-B0B8-3CC05217BAED}.Release|Any CPU.Build.0 = Release|Any CPU
	EndGlobalSection
	GlobalSection(SolutionProperties) = preSolution
		HideSolutionNode = FALSE
	EndGlobalSection
	GlobalSection(ExtensibilityGlobals) = postSolution
		SolutionGuid = {0880426C-3D70-4452-AE77-D049F602CF1C}
	EndGlobalSection
EndGlobal
